
Microsoft Visual Studio Solution File, Format Version 12.00
# Visual Studio Version 16
VisualStudioVersion = 16.0.31829.152
MinimumVisualStudioVersion = 10.0.40219.1
Project("{FAE04EC0-301F-11D3-BF4B-00C04F79EFBC}") = "CarRentalMgmt.Server", "CarRentalMgmt\Server\CarRentalMgmt.Server.csproj", "{9AD93D05-EC0C-4BA2-BD32-9C841195F3AC}"
EndProject
Project("{FAE04EC0-301F-11D3-BF4B-00C04F79EFBC}") = "CarRentalMgmt.Client", "CarRentalMgmt\Client\CarRentalMgmt.Client.csproj", "{BFE389EC-F87F-4E3D-8CC6-9F7EAA3DA06A}"
EndProject
Project("{FAE04EC0-301F-11D3-BF4B-00C04F79EFBC}") = "CarRentalMgmt.Shared", "CarRentalMgmt\Shared\CarRentalMgmt.Shared.csproj", "{71F7C96E-A8ED-424B-AE49-5325F5335D3B}"
EndProject
Global
	GlobalSection(SolutionConfigurationPlatforms) = preSolution
		Debug|Any CPU = Debug|Any CPU
		Release|Any CPU = Release|Any CPU
	EndGlobalSection
	GlobalSection(ProjectConfigurationPlatforms) = postSolution
		{9AD93D05-EC0C-4BA2-BD32-9C841195F3AC}.Debug|Any CPU.ActiveCfg = Debug|Any CPU
		{9AD93D05-EC0C-4BA2-BD32-9C841195F3AC}.Debug|Any CPU.Build.0 = Debug|Any CPU
		{9AD93D05-EC0C-4BA2-BD32-9C841195F3AC}.Release|Any CPU.ActiveCfg = Release|Any CPU
		{9AD93D05-EC0C-4BA2-BD32-9C841195F3AC}.Release|Any CPU.Build.0 = Release|Any CPU
		{BFE389EC-F87F-4E3D-8CC6-9F7EAA3DA06A}.Debug|Any CPU.ActiveCfg = Debug|Any CPU
		{BFE389EC-F87F-4E3D-8CC6-9F7EAA3DA06A}.Debug|Any CPU.Build.0 = Debug|Any CPU
		{BFE389EC-F87F-4E3D-8CC6-9F7EAA3DA06A}.Release|Any CPU.ActiveCfg = Release|Any CPU
		{BFE389EC-F87F-4E3D-8CC6-9F7EAA3DA06A}.Release|Any CPU.Build.0 = Release|Any CPU
		{71F7C96E-A8ED-424B-AE49-5325F5335D3B}.Debug|Any CPU.ActiveCfg = Debug|Any CPU
		{71F7C96E-A8ED-424B-AE49-5325F5335D3B}.Debug|Any CPU.Build.0 = Debug|Any CPU
		{71F7C96E-A8ED-424B-AE49-5325F5335D3B}.Release|Any CPU.ActiveCfg = Release|Any CPU
		{71F7C96E-A8ED-424B-AE49-5325F5335D3B}.Release|Any CPU.Build.0 = Release|Any CPU
	EndGlobalSection
	GlobalSection(SolutionProperties) = preSolution
		HideSolutionNode = FALSE
	EndGlobalSection
	GlobalSection(ExtensibilityGlobals) = postSolution
		SolutionGuid = {8A1765AD-7023-45D4-9089-8FF0C84714C2}
	EndGlobalSection
EndGlobal
